
Microsoft Visual Studio Solution File, Format Version 12.00
# Visual Studio 15
VisualStudioVersion = 15.0.28307.168
MinimumVisualStudioVersion = 10.0.40219.1
Project("{9A19103F-16F7-4668-BE54-9A1E7A4F7556}") = "AdminPage", "AdminPage\AdminPage.csproj", "{259C8307-4C40-43FB-AE8E-5CC1F40F4B38}"
EndProject
Project("{FAE04EC0-301F-11D3-BF4B-00C04F79EFBC}") = "EntityBaseFW", "EntityBaseFW\EntityBaseFW.csproj", "{78BD0F7A-0292-47A4-9DC3-81E239EDF872}"
EndProject
Project("{9A19103F-16F7-4668-BE54-9A1E7A4F7556}") = "ClientPage", "ClientPage\ClientPage.csproj", "{FBECCA29-8C88-4440-873F-89481BFAFD8E}"
EndProject
Project("{2150E333-8FDC-42A3-9474-1A3956D46DE8}") = "Solution Items", "Solution Items", "{5E4A8611-8216-4F8D-9027-D737B5FC5B98}"
	ProjectSection(SolutionItems) = preProject
		Note.txt = Note.txt
		C:\Users\long\Desktop\script.sql = C:\Users\long\Desktop\script.sql
	EndProjectSection
EndProject
Project("{9A19103F-16F7-4668-BE54-9A1E7A4F7556}") = "CoreEDB", "CoreEDB\CoreEDB.csproj", "{1FCB8BD4-B25B-413F-A248-82F7F40C1EBB}"
EndProject
Project("{2150E333-8FDC-42A3-9474-1A3956D46DE8}") = "Core", "Core", "{79E43CF4-517A-429A-98E5-0E10FDFB2296}"
EndProject
Project("{2150E333-8FDC-42A3-9474-1A3956D46DE8}") = "Base", "Base", "{41C3BDCD-A0B7-4EB7-A833-5BAB2B8EAC80}"
EndProject
Project("{9A19103F-16F7-4668-BE54-9A1E7A4F7556}") = "BaseModels", "BaseModels\BaseModels.csproj", "{694FC2CB-0D8D-4DB7-8C77-807BF93B8849}"
EndProject
Project("{9A19103F-16F7-4668-BE54-9A1E7A4F7556}") = "CoreLogs", "CoreLogs\CoreLogs.csproj", "{B9625C5F-AA04-4650-81E5-5D5DC45A5A81}"
EndProject
Project("{9A19103F-16F7-4668-BE54-9A1E7A4F7556}") = "MVCBase", "MVCBase\MVCBase.csproj", "{B9ED29DF-15B9-447A-86B7-A1BB464FC226}"
EndProject
Project("{2150E333-8FDC-42A3-9474-1A3956D46DE8}") = "Host", "Host", "{D6733407-1104-4EDD-A7B9-05B1BCA864E6}"
EndProject
Project("{2150E333-8FDC-42A3-9474-1A3956D46DE8}") = "Lib", "Lib", "{43E960E7-62C0-47F9-8AFD-66CE3311493A}"
EndProject
Project("{9A19103F-16F7-4668-BE54-9A1E7A4F7556}") = "KiemTraNhieuThe", "KiemTraNhieuThe\KiemTraNhieuThe.csproj", "{0E2929AF-6D29-4FB5-B5F6-D96D7F86D19B}"
EndProject
Project("{9A19103F-16F7-4668-BE54-9A1E7A4F7556}") = "JWTExample", "JWTExample\JWTExample.csproj", "{31EE566C-9668-4680-A7C6-59FE292FC3E8}"
EndProject
Global
	GlobalSection(SolutionConfigurationPlatforms) = preSolution
		Debug|Any CPU = Debug|Any CPU
		Release|Any CPU = Release|Any CPU
	EndGlobalSection
	GlobalSection(ProjectConfigurationPlatforms) = postSolution
		{259C8307-4C40-43FB-AE8E-5CC1F40F4B38}.Debug|Any CPU.ActiveCfg = Debug|Any CPU
		{259C8307-4C40-43FB-AE8E-5CC1F40F4B38}.Debug|Any CPU.Build.0 = Debug|Any CPU
		{259C8307-4C40-43FB-AE8E-5CC1F40F4B38}.Release|Any CPU.ActiveCfg = Release|Any CPU
		{259C8307-4C40-43FB-AE8E-5CC1F40F4B38}.Release|Any CPU.Build.0 = Release|Any CPU
		{78BD0F7A-0292-47A4-9DC3-81E239EDF872}.Debug|Any CPU.ActiveCfg = Debug|Any CPU
		{78BD0F7A-0292-47A4-9DC3-81E239EDF872}.Debug|Any CPU.Build.0 = Debug|Any CPU
		{78BD0F7A-0292-47A4-9DC3-81E239EDF872}.Release|Any CPU.ActiveCfg = Release|Any CPU
		{78BD0F7A-0292-47A4-9DC3-81E239EDF872}.Release|Any CPU.Build.0 = Release|Any CPU
		{FBECCA29-8C88-4440-873F-89481BFAFD8E}.Debug|Any CPU.ActiveCfg = Debug|Any CPU
		{FBECCA29-8C88-4440-873F-89481BFAFD8E}.Debug|Any CPU.Build.0 = Debug|Any CPU
		{FBECCA29-8C88-4440-873F-89481BFAFD8E}.Release|Any CPU.ActiveCfg = Release|Any CPU
		{FBECCA29-8C88-4440-873F-89481BFAFD8E}.Release|Any CPU.Build.0 = Release|Any CPU
		{1FCB8BD4-B25B-413F-A248-82F7F40C1EBB}.Debug|Any CPU.ActiveCfg = Debug|Any CPU
		{1FCB8BD4-B25B-413F-A248-82F7F40C1EBB}.Debug|Any CPU.Build.0 = Debug|Any CPU
		{1FCB8BD4-B25B-413F-A248-82F7F40C1EBB}.Release|Any CPU.ActiveCfg = Release|Any CPU
		{1FCB8BD4-B25B-413F-A248-82F7F40C1EBB}.Release|Any CPU.Build.0 = Release|Any CPU
		{694FC2CB-0D8D-4DB7-8C77-807BF93B8849}.Debug|Any CPU.ActiveCfg = Debug|Any CPU
		{694FC2CB-0D8D-4DB7-8C77-807BF93B8849}.Debug|Any CPU.Build.0 = Debug|Any CPU
		{694FC2CB-0D8D-4DB7-8C77-807BF93B8849}.Release|Any CPU.ActiveCfg = Release|Any CPU
		{694FC2CB-0D8D-4DB7-8C77-807BF93B8849}.Release|Any CPU.Build.0 = Release|Any CPU
		{B9625C5F-AA04-4650-81E5-5D5DC45A5A81}.Debug|Any CPU.ActiveCfg = Debug|Any CPU
		{B9625C5F-AA04-4650-81E5-5D5DC45A5A81}.Debug|Any CPU.Build.0 = Debug|Any CPU
		{B9625C5F-AA04-4650-81E5-5D5DC45A5A81}.Release|Any CPU.ActiveCfg = Release|Any CPU
		{B9625C5F-AA04-4650-81E5-5D5DC45A5A81}.Release|Any CPU.Build.0 = Release|Any CPU
		{B9ED29DF-15B9-447A-86B7-A1BB464FC226}.Debug|Any CPU.ActiveCfg = Debug|Any CPU
		{B9ED29DF-15B9-447A-86B7-A1BB464FC226}.Debug|Any CPU.Build.0 = Debug|Any CPU
		{B9ED29DF-15B9-447A-86B7-A1BB464FC226}.Release|Any CPU.ActiveCfg = Release|Any CPU
		{B9ED29DF-15B9-447A-86B7-A1BB464FC226}.Release|Any CPU.Build.0 = Release|Any CPU
		{0E2929AF-6D29-4FB5-B5F6-D96D7F86D19B}.Debug|Any CPU.ActiveCfg = Debug|Any CPU
		{0E2929AF-6D29-4FB5-B5F6-D96D7F86D19B}.Debug|Any CPU.Build.0 = Debug|Any CPU
		{0E2929AF-6D29-4FB5-B5F6-D96D7F86D19B}.Release|Any CPU.ActiveCfg = Release|Any CPU
		{0E2929AF-6D29-4FB5-B5F6-D96D7F86D19B}.Release|Any CPU.Build.0 = Release|Any CPU
		{31EE566C-9668-4680-A7C6-59FE292FC3E8}.Debug|Any CPU.ActiveCfg = Debug|Any CPU
		{31EE566C-9668-4680-A7C6-59FE292FC3E8}.Debug|Any CPU.Build.0 = Debug|Any CPU
		{31EE566C-9668-4680-A7C6-59FE292FC3E8}.Release|Any CPU.ActiveCfg = Release|Any CPU
		{31EE566C-9668-4680-A7C6-59FE292FC3E8}.Release|Any CPU.Build.0 = Release|Any CPU
	EndGlobalSection
	GlobalSection(SolutionProperties) = preSolution
		HideSolutionNode = FALSE
	EndGlobalSection
	GlobalSection(NestedProjects) = preSolution
		{259C8307-4C40-43FB-AE8E-5CC1F40F4B38} = {D6733407-1104-4EDD-A7B9-05B1BCA864E6}
		{78BD0F7A-0292-47A4-9DC3-81E239EDF872} = {43E960E7-62C0-47F9-8AFD-66CE3311493A}
		{FBECCA29-8C88-4440-873F-89481BFAFD8E} = {D6733407-1104-4EDD-A7B9-05B1BCA864E6}
		{1FCB8BD4-B25B-413F-A248-82F7F40C1EBB} = {79E43CF4-517A-429A-98E5-0E10FDFB2296}
		{694FC2CB-0D8D-4DB7-8C77-807BF93B8849} = {41C3BDCD-A0B7-4EB7-A833-5BAB2B8EAC80}
		{B9625C5F-AA04-4650-81E5-5D5DC45A5A81} = {79E43CF4-517A-429A-98E5-0E10FDFB2296}
		{B9ED29DF-15B9-447A-86B7-A1BB464FC226} = {41C3BDCD-A0B7-4EB7-A833-5BAB2B8EAC80}
		{0E2929AF-6D29-4FB5-B5F6-D96D7F86D19B} = {5E4A8611-8216-4F8D-9027-D737B5FC5B98}
		{31EE566C-9668-4680-A7C6-59FE292FC3E8} = {5E4A8611-8216-4F8D-9027-D737B5FC5B98}
	EndGlobalSection
	GlobalSection(ExtensibilityGlobals) = postSolution
		SolutionGuid = {366F4E1B-3316-4A63-BDBD-AB06A9DB34E8}
	EndGlobalSection
EndGlobal
