
Microsoft Visual Studio Solution File, Format Version 12.00
# Visual Studio Version 16
VisualStudioVersion = 16.0.28809.33
MinimumVisualStudioVersion = 10.0.40219.1
Project("{FAE04EC0-301F-11D3-BF4B-00C04F79EFBC}") = "EntityBaseFW", "EntityBaseFW\EntityBaseFW.csproj", "{78BD0F7A-0292-47A4-9DC3-81E239EDF872}"
EndProject
Project("{9A19103F-16F7-4668-BE54-9A1E7A4F7556}") = "ClientPage", "ClientPage\ClientPage.csproj", "{FBECCA29-8C88-4440-873F-89481BFAFD8E}"
EndProject
Project("{2150E333-8FDC-42A3-9474-1A3956D46DE8}") = "Solution Items", "Solution Items", "{5E4A8611-8216-4F8D-9027-D737B5FC5B98}"
	ProjectSection(SolutionItems) = preProject
		C:\Users\long\Desktop\script.sql = C:\Users\long\Desktop\script.sql
	EndProjectSection
EndProject
Project("{2150E333-8FDC-42A3-9474-1A3956D46DE8}") = "Core", "Core", "{79E43CF4-517A-429A-98E5-0E10FDFB2296}"
EndProject
Project("{2150E333-8FDC-42A3-9474-1A3956D46DE8}") = "Base", "Base", "{41C3BDCD-A0B7-4EB7-A833-5BAB2B8EAC80}"
EndProject
Project("{9A19103F-16F7-4668-BE54-9A1E7A4F7556}") = "CoreLogs", "CoreLogs\CoreLogs.csproj", "{B9625C5F-AA04-4650-81E5-5D5DC45A5A81}"
EndProject
Project("{2150E333-8FDC-42A3-9474-1A3956D46DE8}") = "Host", "Host", "{D6733407-1104-4EDD-A7B9-05B1BCA864E6}"
EndProject
Project("{2150E333-8FDC-42A3-9474-1A3956D46DE8}") = "Lib", "Lib", "{43E960E7-62C0-47F9-8AFD-66CE3311493A}"
EndProject
Project("{9A19103F-16F7-4668-BE54-9A1E7A4F7556}") = "CoreMongoDB", "CoreMongoDB\CoreMongoDB.csproj", "{A635AA42-F25A-4279-9B11-F9BDA484204C}"
EndProject
Project("{9A19103F-16F7-4668-BE54-9A1E7A4F7556}") = "BaseMongoDB", "BaseMongoDB\BaseMongoDB.csproj", "{BBF577AB-E291-4BA3-A704-783844F57F23}"
EndProject
Project("{9A19103F-16F7-4668-BE54-9A1E7A4F7556}") = "AdminPage_MongoDB", "AdminPage_MongoDb\AdminPage_MongoDB.csproj", "{D17F81E9-A5F1-4A44-9473-18E81DC42E3B}"
EndProject
Project("{9A19103F-16F7-4668-BE54-9A1E7A4F7556}") = "BaseMVC", "BaseMVC\BaseMVC.csproj", "{3EC36A9A-E117-4D68-B80D-F2902314D71E}"
EndProject
Project("{9A19103F-16F7-4668-BE54-9A1E7A4F7556}") = "BasePublisherModels", "BasePublisherModels\BasePublisherModels.csproj", "{C87C961A-7F20-4609-A03A-DE6B28C37983}"
EndProject
Project("{9A19103F-16F7-4668-BE54-9A1E7A4F7556}") = "BasePublisherMVC", "BasePublisherMVC\BasePublisherMVC.csproj", "{289276E3-42BB-4321-82B0-A86AD5C56842}"
EndProject
Project("{9A19103F-16F7-4668-BE54-9A1E7A4F7556}") = "PublisherPage", "PublisherPage\PublisherPage.csproj", "{810E4220-0FB6-41DF-9A68-456522D653B5}"
EndProject
Global
	GlobalSection(SolutionConfigurationPlatforms) = preSolution
		Debug|Any CPU = Debug|Any CPU
		Release|Any CPU = Release|Any CPU
	EndGlobalSection
	GlobalSection(ProjectConfigurationPlatforms) = postSolution
		{78BD0F7A-0292-47A4-9DC3-81E239EDF872}.Debug|Any CPU.ActiveCfg = Debug|Any CPU
		{78BD0F7A-0292-47A4-9DC3-81E239EDF872}.Debug|Any CPU.Build.0 = Debug|Any CPU
		{78BD0F7A-0292-47A4-9DC3-81E239EDF872}.Release|Any CPU.ActiveCfg = Release|Any CPU
		{78BD0F7A-0292-47A4-9DC3-81E239EDF872}.Release|Any CPU.Build.0 = Release|Any CPU
		{FBECCA29-8C88-4440-873F-89481BFAFD8E}.Debug|Any CPU.ActiveCfg = Debug|Any CPU
		{FBECCA29-8C88-4440-873F-89481BFAFD8E}.Debug|Any CPU.Build.0 = Debug|Any CPU
		{FBECCA29-8C88-4440-873F-89481BFAFD8E}.Release|Any CPU.ActiveCfg = Release|Any CPU
		{FBECCA29-8C88-4440-873F-89481BFAFD8E}.Release|Any CPU.Build.0 = Release|Any CPU
		{B9625C5F-AA04-4650-81E5-5D5DC45A5A81}.Debug|Any CPU.ActiveCfg = Debug|Any CPU
		{B9625C5F-AA04-4650-81E5-5D5DC45A5A81}.Debug|Any CPU.Build.0 = Debug|Any CPU
		{B9625C5F-AA04-4650-81E5-5D5DC45A5A81}.Release|Any CPU.ActiveCfg = Release|Any CPU
		{B9625C5F-AA04-4650-81E5-5D5DC45A5A81}.Release|Any CPU.Build.0 = Release|Any CPU
		{A635AA42-F25A-4279-9B11-F9BDA484204C}.Debug|Any CPU.ActiveCfg = Debug|Any CPU
		{A635AA42-F25A-4279-9B11-F9BDA484204C}.Debug|Any CPU.Build.0 = Debug|Any CPU
		{A635AA42-F25A-4279-9B11-F9BDA484204C}.Release|Any CPU.ActiveCfg = Release|Any CPU
		{A635AA42-F25A-4279-9B11-F9BDA484204C}.Release|Any CPU.Build.0 = Release|Any CPU
		{BBF577AB-E291-4BA3-A704-783844F57F23}.Debug|Any CPU.ActiveCfg = Debug|Any CPU
		{BBF577AB-E291-4BA3-A704-783844F57F23}.Debug|Any CPU.Build.0 = Debug|Any CPU
		{BBF577AB-E291-4BA3-A704-783844F57F23}.Release|Any CPU.ActiveCfg = Release|Any CPU
		{BBF577AB-E291-4BA3-A704-783844F57F23}.Release|Any CPU.Build.0 = Release|Any CPU
		{D17F81E9-A5F1-4A44-9473-18E81DC42E3B}.Debug|Any CPU.ActiveCfg = Debug|Any CPU
		{D17F81E9-A5F1-4A44-9473-18E81DC42E3B}.Debug|Any CPU.Build.0 = Debug|Any CPU
		{D17F81E9-A5F1-4A44-9473-18E81DC42E3B}.Release|Any CPU.ActiveCfg = Release|Any CPU
		{D17F81E9-A5F1-4A44-9473-18E81DC42E3B}.Release|Any CPU.Build.0 = Release|Any CPU
		{3EC36A9A-E117-4D68-B80D-F2902314D71E}.Debug|Any CPU.ActiveCfg = Debug|Any CPU
		{3EC36A9A-E117-4D68-B80D-F2902314D71E}.Debug|Any CPU.Build.0 = Debug|Any CPU
		{3EC36A9A-E117-4D68-B80D-F2902314D71E}.Release|Any CPU.ActiveCfg = Release|Any CPU
		{3EC36A9A-E117-4D68-B80D-F2902314D71E}.Release|Any CPU.Build.0 = Release|Any CPU
		{C87C961A-7F20-4609-A03A-DE6B28C37983}.Debug|Any CPU.ActiveCfg = Debug|Any CPU
		{C87C961A-7F20-4609-A03A-DE6B28C37983}.Debug|Any CPU.Build.0 = Debug|Any CPU
		{C87C961A-7F20-4609-A03A-DE6B28C37983}.Release|Any CPU.ActiveCfg = Release|Any CPU
		{C87C961A-7F20-4609-A03A-DE6B28C37983}.Release|Any CPU.Build.0 = Release|Any CPU
		{289276E3-42BB-4321-82B0-A86AD5C56842}.Debug|Any CPU.ActiveCfg = Debug|Any CPU
		{289276E3-42BB-4321-82B0-A86AD5C56842}.Debug|Any CPU.Build.0 = Debug|Any CPU
		{289276E3-42BB-4321-82B0-A86AD5C56842}.Release|Any CPU.ActiveCfg = Release|Any CPU
		{289276E3-42BB-4321-82B0-A86AD5C56842}.Release|Any CPU.Build.0 = Release|Any CPU
		{810E4220-0FB6-41DF-9A68-456522D653B5}.Debug|Any CPU.ActiveCfg = Debug|Any CPU
		{810E4220-0FB6-41DF-9A68-456522D653B5}.Debug|Any CPU.Build.0 = Debug|Any CPU
		{810E4220-0FB6-41DF-9A68-456522D653B5}.Release|Any CPU.ActiveCfg = Release|Any CPU
		{810E4220-0FB6-41DF-9A68-456522D653B5}.Release|Any CPU.Build.0 = Release|Any CPU
	EndGlobalSection
	GlobalSection(SolutionProperties) = preSolution
		HideSolutionNode = FALSE
	EndGlobalSection
	GlobalSection(NestedProjects) = preSolution
		{78BD0F7A-0292-47A4-9DC3-81E239EDF872} = {43E960E7-62C0-47F9-8AFD-66CE3311493A}
		{FBECCA29-8C88-4440-873F-89481BFAFD8E} = {D6733407-1104-4EDD-A7B9-05B1BCA864E6}
		{B9625C5F-AA04-4650-81E5-5D5DC45A5A81} = {79E43CF4-517A-429A-98E5-0E10FDFB2296}
		{A635AA42-F25A-4279-9B11-F9BDA484204C} = {79E43CF4-517A-429A-98E5-0E10FDFB2296}
		{BBF577AB-E291-4BA3-A704-783844F57F23} = {41C3BDCD-A0B7-4EB7-A833-5BAB2B8EAC80}
		{D17F81E9-A5F1-4A44-9473-18E81DC42E3B} = {D6733407-1104-4EDD-A7B9-05B1BCA864E6}
		{3EC36A9A-E117-4D68-B80D-F2902314D71E} = {41C3BDCD-A0B7-4EB7-A833-5BAB2B8EAC80}
		{C87C961A-7F20-4609-A03A-DE6B28C37983} = {41C3BDCD-A0B7-4EB7-A833-5BAB2B8EAC80}
		{289276E3-42BB-4321-82B0-A86AD5C56842} = {41C3BDCD-A0B7-4EB7-A833-5BAB2B8EAC80}
		{810E4220-0FB6-41DF-9A68-456522D653B5} = {D6733407-1104-4EDD-A7B9-05B1BCA864E6}
	EndGlobalSection
	GlobalSection(ExtensibilityGlobals) = postSolution
		SolutionGuid = {366F4E1B-3316-4A63-BDBD-AB06A9DB34E8}
	EndGlobalSection
EndGlobal
