
Microsoft Visual Studio Solution File, Format Version 12.00
# Visual Studio Version 16
VisualStudioVersion = 16.0.29020.237
MinimumVisualStudioVersion = 10.0.40219.1
Project("{2150E333-8FDC-42A3-9474-1A3956D46DE8}") = "Core", "Core", "{79E43CF4-517A-429A-98E5-0E10FDFB2296}"
EndProject
Project("{2150E333-8FDC-42A3-9474-1A3956D46DE8}") = "Base", "Base", "{41C3BDCD-A0B7-4EB7-A833-5BAB2B8EAC80}"
EndProject
Project("{2150E333-8FDC-42A3-9474-1A3956D46DE8}") = "Host", "Host", "{D6733407-1104-4EDD-A7B9-05B1BCA864E6}"
EndProject
Project("{9A19103F-16F7-4668-BE54-9A1E7A4F7556}") = "Admin_Customer", "Admin_Customer\Admin_Customer.csproj", "{4AE3455E-602E-49E4-8228-DEEAC865AF9E}"
EndProject
Project("{9A19103F-16F7-4668-BE54-9A1E7A4F7556}") = "Core_v2", "Core_v2\Core_v2.csproj", "{FF1F3117-B361-4AF5-9E5C-03C2DC5DA13E}"
EndProject
Project("{9A19103F-16F7-4668-BE54-9A1E7A4F7556}") = "BaseCustomerEntity", "BaseCustomer\BaseCustomerEntity.csproj", "{2A5CB31A-1800-44E5-85A4-02F82E053AB1}"
EndProject
Project("{9A19103F-16F7-4668-BE54-9A1E7A4F7556}") = "BaseCustomerMVC", "BaseCustomerMVC\BaseCustomerMVC.csproj", "{D7D6DA7C-000C-4968-8596-C2C5ECA0816E}"
EndProject
Project("{9A19103F-16F7-4668-BE54-9A1E7A4F7556}") = "BaseHub", "BaseHub\BaseHub.csproj", "{861E6BE2-CE2D-4ABF-A7DD-DB81876EB7D3}"
EndProject
Project("{9A19103F-16F7-4668-BE54-9A1E7A4F7556}") = "EnglishPlatform", "EnglishPlatform\EnglishPlatform.csproj", "{0CE7D7E1-B99A-4575-9CD2-2D70B8351FC9}"
EndProject
Project("{9A19103F-16F7-4668-BE54-9A1E7A4F7556}") = "BaseAccess", "BaseAccess\BaseAccess.csproj", "{18F102F2-46EF-447D-8788-5207E6C9B7BB}"
EndProject
Project("{9A19103F-16F7-4668-BE54-9A1E7A4F7556}") = "FileManagerCore", "RoxyFileManager\FileManagerCore.csproj", "{31DA12DD-ED98-4A42-A860-BB26F95C9F75}"
EndProject
Project("{9A19103F-16F7-4668-BE54-9A1E7A4F7556}") = "BaseEasyRealTime", "BaseEasyRealTime\BaseEasyRealTime.csproj", "{6EF633BC-D319-420B-A7DE-4E00F4ADC626}"
EndProject
Project("{9A19103F-16F7-4668-BE54-9A1E7A4F7556}") = "AdminManager", "AdminManager\AdminManager.csproj", "{946DA669-2243-47F9-82DE-69260EE5FB30}"
EndProject
Project("{9A19103F-16F7-4668-BE54-9A1E7A4F7556}") = "RouterCustomer", "RouterCustomer\RouterCustomer.csproj", "{8A3A6025-EF3D-4BD4-BC77-B7C4ECAF2F19}"
EndProject
Project("{9A19103F-16F7-4668-BE54-9A1E7A4F7556}") = "MaketingExtends", "MaketingExtends\MaketingExtends.csproj", "{50B5C679-15D1-4CDC-9455-23B28BAC4E74}"
EndProject
Project("{9A19103F-16F7-4668-BE54-9A1E7A4F7556}") = "ZoomClient", "ZoomClient\ZoomClient.csproj", "{44A767DE-3B89-4CD0-AB75-7CEA261B89DF}"
EndProject
Project("{9A19103F-16F7-4668-BE54-9A1E7A4F7556}") = "EasyZoom", "EasyZoom\EasyZoom.csproj", "{69A81C4B-FB0C-4413-BC03-EDB6C71DBD69}"
EndProject
Project("{2150E333-8FDC-42A3-9474-1A3956D46DE8}") = "ExternalApp", "ExternalApp", "{CB6A55AC-5DD6-4C78-85BD-77142660C6CC}"
EndProject
Project("{FAE04EC0-301F-11D3-BF4B-00C04F79EFBC}") = "Math", "Math\Math.csproj", "{1B144105-ABC7-412A-A923-6E4EBEEE71E1}"
EndProject
Project("{9A19103F-16F7-4668-BE54-9A1E7A4F7556}") = "AutoEmailEduso", "AutoEmailEduso\AutoEmailEduso.csproj", "{5CA8C7B7-2503-4FCA-BAA3-89FDAD861F4A}"
EndProject
Project("{9A19103F-16F7-4668-BE54-9A1E7A4F7556}") = "BaseCoreEmail", "BaseCoreEmail\BaseCoreEmail.csproj", "{54FAAA80-B027-4B32-8131-7BDABF398025}"
EndProject
Project("{9A19103F-16F7-4668-BE54-9A1E7A4F7556}") = "GoogleLib", "GoogleLib\GoogleLib.csproj", "{1A00660B-DE16-4A11-A651-3B698A5E3CC0}"
EndProject
Project("{9A19103F-16F7-4668-BE54-9A1E7A4F7556}") = "EasyChatApp", "EasyChatApp\EasyChatApp.csproj", "{863B6AF7-78CB-4E52-BADB-0CF652CC900A}"
EndProject
Project("{9A19103F-16F7-4668-BE54-9A1E7A4F7556}") = "GoogleApp", "GoogleApp\GoogleApp.csproj", "{CF1CDA28-BD9E-4527-B818-86B83B8845E6}"
EndProject
Project("{2150E333-8FDC-42A3-9474-1A3956D46DE8}") = "App", "App", "{12A53CDE-9AC9-4030-923D-C2D7875DF514}"
EndProject
Project("{9A19103F-16F7-4668-BE54-9A1E7A4F7556}") = "EmailTemplate", "EmailTemplate\EmailTemplate.csproj", "{82F41EB0-6D2A-48B1-B1A4-4D9B5A18C7E2}"
EndProject
Project("{9A19103F-16F7-4668-BE54-9A1E7A4F7556}") = "WebPush", "WebPush\WebPush.csproj", "{5139B504-F32B-4895-B815-BB28079DE2D7}"
EndProject
Global
	GlobalSection(SolutionConfigurationPlatforms) = preSolution
		Debug|Any CPU = Debug|Any CPU
		Release|Any CPU = Release|Any CPU
	EndGlobalSection
	GlobalSection(ProjectConfigurationPlatforms) = postSolution
		{4AE3455E-602E-49E4-8228-DEEAC865AF9E}.Debug|Any CPU.ActiveCfg = Debug|Any CPU
		{4AE3455E-602E-49E4-8228-DEEAC865AF9E}.Debug|Any CPU.Build.0 = Debug|Any CPU
		{4AE3455E-602E-49E4-8228-DEEAC865AF9E}.Release|Any CPU.ActiveCfg = Release|Any CPU
		{4AE3455E-602E-49E4-8228-DEEAC865AF9E}.Release|Any CPU.Build.0 = Release|Any CPU
		{FF1F3117-B361-4AF5-9E5C-03C2DC5DA13E}.Debug|Any CPU.ActiveCfg = Debug|Any CPU
		{FF1F3117-B361-4AF5-9E5C-03C2DC5DA13E}.Debug|Any CPU.Build.0 = Debug|Any CPU
		{FF1F3117-B361-4AF5-9E5C-03C2DC5DA13E}.Release|Any CPU.ActiveCfg = Release|Any CPU
		{FF1F3117-B361-4AF5-9E5C-03C2DC5DA13E}.Release|Any CPU.Build.0 = Release|Any CPU
		{2A5CB31A-1800-44E5-85A4-02F82E053AB1}.Debug|Any CPU.ActiveCfg = Debug|Any CPU
		{2A5CB31A-1800-44E5-85A4-02F82E053AB1}.Debug|Any CPU.Build.0 = Debug|Any CPU
		{2A5CB31A-1800-44E5-85A4-02F82E053AB1}.Release|Any CPU.ActiveCfg = Release|Any CPU
		{2A5CB31A-1800-44E5-85A4-02F82E053AB1}.Release|Any CPU.Build.0 = Release|Any CPU
		{D7D6DA7C-000C-4968-8596-C2C5ECA0816E}.Debug|Any CPU.ActiveCfg = Debug|Any CPU
		{D7D6DA7C-000C-4968-8596-C2C5ECA0816E}.Debug|Any CPU.Build.0 = Debug|Any CPU
		{D7D6DA7C-000C-4968-8596-C2C5ECA0816E}.Release|Any CPU.ActiveCfg = Release|Any CPU
		{D7D6DA7C-000C-4968-8596-C2C5ECA0816E}.Release|Any CPU.Build.0 = Release|Any CPU
		{861E6BE2-CE2D-4ABF-A7DD-DB81876EB7D3}.Debug|Any CPU.ActiveCfg = Debug|Any CPU
		{861E6BE2-CE2D-4ABF-A7DD-DB81876EB7D3}.Debug|Any CPU.Build.0 = Debug|Any CPU
		{861E6BE2-CE2D-4ABF-A7DD-DB81876EB7D3}.Release|Any CPU.ActiveCfg = Release|Any CPU
		{861E6BE2-CE2D-4ABF-A7DD-DB81876EB7D3}.Release|Any CPU.Build.0 = Release|Any CPU
		{0CE7D7E1-B99A-4575-9CD2-2D70B8351FC9}.Debug|Any CPU.ActiveCfg = Debug|Any CPU
		{0CE7D7E1-B99A-4575-9CD2-2D70B8351FC9}.Debug|Any CPU.Build.0 = Debug|Any CPU
		{0CE7D7E1-B99A-4575-9CD2-2D70B8351FC9}.Release|Any CPU.ActiveCfg = Release|Any CPU
		{0CE7D7E1-B99A-4575-9CD2-2D70B8351FC9}.Release|Any CPU.Build.0 = Release|Any CPU
		{18F102F2-46EF-447D-8788-5207E6C9B7BB}.Debug|Any CPU.ActiveCfg = Debug|Any CPU
		{18F102F2-46EF-447D-8788-5207E6C9B7BB}.Debug|Any CPU.Build.0 = Debug|Any CPU
		{18F102F2-46EF-447D-8788-5207E6C9B7BB}.Release|Any CPU.ActiveCfg = Release|Any CPU
		{18F102F2-46EF-447D-8788-5207E6C9B7BB}.Release|Any CPU.Build.0 = Release|Any CPU
		{31DA12DD-ED98-4A42-A860-BB26F95C9F75}.Debug|Any CPU.ActiveCfg = Debug|Any CPU
		{31DA12DD-ED98-4A42-A860-BB26F95C9F75}.Debug|Any CPU.Build.0 = Debug|Any CPU
		{31DA12DD-ED98-4A42-A860-BB26F95C9F75}.Release|Any CPU.ActiveCfg = Release|Any CPU
		{31DA12DD-ED98-4A42-A860-BB26F95C9F75}.Release|Any CPU.Build.0 = Release|Any CPU
		{6EF633BC-D319-420B-A7DE-4E00F4ADC626}.Debug|Any CPU.ActiveCfg = Debug|Any CPU
		{6EF633BC-D319-420B-A7DE-4E00F4ADC626}.Debug|Any CPU.Build.0 = Debug|Any CPU
		{6EF633BC-D319-420B-A7DE-4E00F4ADC626}.Release|Any CPU.ActiveCfg = Release|Any CPU
		{6EF633BC-D319-420B-A7DE-4E00F4ADC626}.Release|Any CPU.Build.0 = Release|Any CPU
		{946DA669-2243-47F9-82DE-69260EE5FB30}.Debug|Any CPU.ActiveCfg = Debug|Any CPU
		{946DA669-2243-47F9-82DE-69260EE5FB30}.Debug|Any CPU.Build.0 = Debug|Any CPU
		{946DA669-2243-47F9-82DE-69260EE5FB30}.Release|Any CPU.ActiveCfg = Release|Any CPU
		{946DA669-2243-47F9-82DE-69260EE5FB30}.Release|Any CPU.Build.0 = Release|Any CPU
		{8A3A6025-EF3D-4BD4-BC77-B7C4ECAF2F19}.Debug|Any CPU.ActiveCfg = Debug|Any CPU
		{8A3A6025-EF3D-4BD4-BC77-B7C4ECAF2F19}.Debug|Any CPU.Build.0 = Debug|Any CPU
		{8A3A6025-EF3D-4BD4-BC77-B7C4ECAF2F19}.Release|Any CPU.ActiveCfg = Release|Any CPU
		{8A3A6025-EF3D-4BD4-BC77-B7C4ECAF2F19}.Release|Any CPU.Build.0 = Release|Any CPU
		{50B5C679-15D1-4CDC-9455-23B28BAC4E74}.Debug|Any CPU.ActiveCfg = Debug|Any CPU
		{50B5C679-15D1-4CDC-9455-23B28BAC4E74}.Debug|Any CPU.Build.0 = Debug|Any CPU
		{50B5C679-15D1-4CDC-9455-23B28BAC4E74}.Release|Any CPU.ActiveCfg = Release|Any CPU
		{50B5C679-15D1-4CDC-9455-23B28BAC4E74}.Release|Any CPU.Build.0 = Release|Any CPU
		{44A767DE-3B89-4CD0-AB75-7CEA261B89DF}.Debug|Any CPU.ActiveCfg = Debug|Any CPU
		{44A767DE-3B89-4CD0-AB75-7CEA261B89DF}.Debug|Any CPU.Build.0 = Debug|Any CPU
		{44A767DE-3B89-4CD0-AB75-7CEA261B89DF}.Release|Any CPU.ActiveCfg = Release|Any CPU
		{44A767DE-3B89-4CD0-AB75-7CEA261B89DF}.Release|Any CPU.Build.0 = Release|Any CPU
		{69A81C4B-FB0C-4413-BC03-EDB6C71DBD69}.Debug|Any CPU.ActiveCfg = Debug|Any CPU
		{69A81C4B-FB0C-4413-BC03-EDB6C71DBD69}.Debug|Any CPU.Build.0 = Debug|Any CPU
		{69A81C4B-FB0C-4413-BC03-EDB6C71DBD69}.Release|Any CPU.ActiveCfg = Release|Any CPU
		{69A81C4B-FB0C-4413-BC03-EDB6C71DBD69}.Release|Any CPU.Build.0 = Release|Any CPU
		{1B144105-ABC7-412A-A923-6E4EBEEE71E1}.Debug|Any CPU.ActiveCfg = Debug|Any CPU
		{1B144105-ABC7-412A-A923-6E4EBEEE71E1}.Debug|Any CPU.Build.0 = Debug|Any CPU
		{1B144105-ABC7-412A-A923-6E4EBEEE71E1}.Release|Any CPU.ActiveCfg = Release|Any CPU
		{1B144105-ABC7-412A-A923-6E4EBEEE71E1}.Release|Any CPU.Build.0 = Release|Any CPU
		{5CA8C7B7-2503-4FCA-BAA3-89FDAD861F4A}.Debug|Any CPU.ActiveCfg = Debug|Any CPU
		{5CA8C7B7-2503-4FCA-BAA3-89FDAD861F4A}.Debug|Any CPU.Build.0 = Debug|Any CPU
		{5CA8C7B7-2503-4FCA-BAA3-89FDAD861F4A}.Release|Any CPU.ActiveCfg = Release|Any CPU
		{5CA8C7B7-2503-4FCA-BAA3-89FDAD861F4A}.Release|Any CPU.Build.0 = Release|Any CPU
		{54FAAA80-B027-4B32-8131-7BDABF398025}.Debug|Any CPU.ActiveCfg = Debug|Any CPU
		{54FAAA80-B027-4B32-8131-7BDABF398025}.Debug|Any CPU.Build.0 = Debug|Any CPU
		{54FAAA80-B027-4B32-8131-7BDABF398025}.Release|Any CPU.ActiveCfg = Release|Any CPU
		{54FAAA80-B027-4B32-8131-7BDABF398025}.Release|Any CPU.Build.0 = Release|Any CPU
		{1A00660B-DE16-4A11-A651-3B698A5E3CC0}.Debug|Any CPU.ActiveCfg = Debug|Any CPU
		{1A00660B-DE16-4A11-A651-3B698A5E3CC0}.Debug|Any CPU.Build.0 = Debug|Any CPU
		{1A00660B-DE16-4A11-A651-3B698A5E3CC0}.Release|Any CPU.ActiveCfg = Release|Any CPU
		{1A00660B-DE16-4A11-A651-3B698A5E3CC0}.Release|Any CPU.Build.0 = Release|Any CPU
		{863B6AF7-78CB-4E52-BADB-0CF652CC900A}.Debug|Any CPU.ActiveCfg = Debug|Any CPU
		{863B6AF7-78CB-4E52-BADB-0CF652CC900A}.Debug|Any CPU.Build.0 = Debug|Any CPU
		{863B6AF7-78CB-4E52-BADB-0CF652CC900A}.Release|Any CPU.ActiveCfg = Release|Any CPU
		{863B6AF7-78CB-4E52-BADB-0CF652CC900A}.Release|Any CPU.Build.0 = Release|Any CPU
		{CF1CDA28-BD9E-4527-B818-86B83B8845E6}.Debug|Any CPU.ActiveCfg = Debug|Any CPU
		{CF1CDA28-BD9E-4527-B818-86B83B8845E6}.Debug|Any CPU.Build.0 = Debug|Any CPU
		{CF1CDA28-BD9E-4527-B818-86B83B8845E6}.Release|Any CPU.ActiveCfg = Release|Any CPU
		{CF1CDA28-BD9E-4527-B818-86B83B8845E6}.Release|Any CPU.Build.0 = Release|Any CPU
		{82F41EB0-6D2A-48B1-B1A4-4D9B5A18C7E2}.Debug|Any CPU.ActiveCfg = Debug|Any CPU
		{82F41EB0-6D2A-48B1-B1A4-4D9B5A18C7E2}.Debug|Any CPU.Build.0 = Debug|Any CPU
		{82F41EB0-6D2A-48B1-B1A4-4D9B5A18C7E2}.Release|Any CPU.ActiveCfg = Release|Any CPU
		{82F41EB0-6D2A-48B1-B1A4-4D9B5A18C7E2}.Release|Any CPU.Build.0 = Release|Any CPU
		{5139B504-F32B-4895-B815-BB28079DE2D7}.Debug|Any CPU.ActiveCfg = Debug|Any CPU
		{5139B504-F32B-4895-B815-BB28079DE2D7}.Debug|Any CPU.Build.0 = Debug|Any CPU
		{5139B504-F32B-4895-B815-BB28079DE2D7}.Release|Any CPU.ActiveCfg = Release|Any CPU
		{5139B504-F32B-4895-B815-BB28079DE2D7}.Release|Any CPU.Build.0 = Release|Any CPU
	EndGlobalSection
	GlobalSection(SolutionProperties) = preSolution
		HideSolutionNode = FALSE
	EndGlobalSection
	GlobalSection(NestedProjects) = preSolution
		{4AE3455E-602E-49E4-8228-DEEAC865AF9E} = {D6733407-1104-4EDD-A7B9-05B1BCA864E6}
		{FF1F3117-B361-4AF5-9E5C-03C2DC5DA13E} = {79E43CF4-517A-429A-98E5-0E10FDFB2296}
		{2A5CB31A-1800-44E5-85A4-02F82E053AB1} = {41C3BDCD-A0B7-4EB7-A833-5BAB2B8EAC80}
		{D7D6DA7C-000C-4968-8596-C2C5ECA0816E} = {41C3BDCD-A0B7-4EB7-A833-5BAB2B8EAC80}
		{861E6BE2-CE2D-4ABF-A7DD-DB81876EB7D3} = {41C3BDCD-A0B7-4EB7-A833-5BAB2B8EAC80}
		{0CE7D7E1-B99A-4575-9CD2-2D70B8351FC9} = {D6733407-1104-4EDD-A7B9-05B1BCA864E6}
		{18F102F2-46EF-447D-8788-5207E6C9B7BB} = {41C3BDCD-A0B7-4EB7-A833-5BAB2B8EAC80}
		{31DA12DD-ED98-4A42-A860-BB26F95C9F75} = {41C3BDCD-A0B7-4EB7-A833-5BAB2B8EAC80}
		{6EF633BC-D319-420B-A7DE-4E00F4ADC626} = {41C3BDCD-A0B7-4EB7-A833-5BAB2B8EAC80}
		{946DA669-2243-47F9-82DE-69260EE5FB30} = {D6733407-1104-4EDD-A7B9-05B1BCA864E6}
		{8A3A6025-EF3D-4BD4-BC77-B7C4ECAF2F19} = {79E43CF4-517A-429A-98E5-0E10FDFB2296}
		{50B5C679-15D1-4CDC-9455-23B28BAC4E74} = {79E43CF4-517A-429A-98E5-0E10FDFB2296}
		{44A767DE-3B89-4CD0-AB75-7CEA261B89DF} = {79E43CF4-517A-429A-98E5-0E10FDFB2296}
		{69A81C4B-FB0C-4413-BC03-EDB6C71DBD69} = {41C3BDCD-A0B7-4EB7-A833-5BAB2B8EAC80}
		{1B144105-ABC7-412A-A923-6E4EBEEE71E1} = {CB6A55AC-5DD6-4C78-85BD-77142660C6CC}
		{5CA8C7B7-2503-4FCA-BAA3-89FDAD861F4A} = {12A53CDE-9AC9-4030-923D-C2D7875DF514}
		{54FAAA80-B027-4B32-8131-7BDABF398025} = {41C3BDCD-A0B7-4EB7-A833-5BAB2B8EAC80}
		{1A00660B-DE16-4A11-A651-3B698A5E3CC0} = {41C3BDCD-A0B7-4EB7-A833-5BAB2B8EAC80}
		{863B6AF7-78CB-4E52-BADB-0CF652CC900A} = {D6733407-1104-4EDD-A7B9-05B1BCA864E6}
		{CF1CDA28-BD9E-4527-B818-86B83B8845E6} = {D6733407-1104-4EDD-A7B9-05B1BCA864E6}
		{82F41EB0-6D2A-48B1-B1A4-4D9B5A18C7E2} = {12A53CDE-9AC9-4030-923D-C2D7875DF514}
		{5139B504-F32B-4895-B815-BB28079DE2D7} = {79E43CF4-517A-429A-98E5-0E10FDFB2296}
	EndGlobalSection
	GlobalSection(ExtensibilityGlobals) = postSolution
		SolutionGuid = {366F4E1B-3316-4A63-BDBD-AB06A9DB34E8}
	EndGlobalSection
EndGlobal
